
Microsoft Visual Studio Solution File, Format Version 12.00
# Visual Studio 15
VisualStudioVersion = 15.0.28307.902
MinimumVisualStudioVersion = 10.0.40219.1
Project("{FAE04EC0-301F-11D3-BF4B-00C04F79EFBC}") = "Question6", "Question6\Question6.csproj", "{0625B7ED-CC6E-4DB1-B28D-203E3D167737}"
EndProject
Global
	GlobalSection(SolutionConfigurationPlatforms) = preSolution
		Debug|Any CPU = Debug|Any CPU
		Release|Any CPU = Release|Any CPU
	EndGlobalSection
	GlobalSection(ProjectConfigurationPlatforms) = postSolution
		{0625B7ED-CC6E-4DB1-B28D-203E3D167737}.Debug|Any CPU.ActiveCfg = Debug|Any CPU
		{0625B7ED-CC6E-4DB1-B28D-203E3D167737}.Debug|Any CPU.Build.0 = Debug|Any CPU
		{0625B7ED-CC6E-4DB1-B28D-203E3D167737}.Release|Any CPU.ActiveCfg = Release|Any CPU
		{0625B7ED-CC6E-4DB1-B28D-203E3D167737}.Release|Any CPU.Build.0 = Release|Any CPU
	EndGlobalSection
	GlobalSection(SolutionProperties) = preSolution
		HideSolutionNode = FALSE
	EndGlobalSection
	GlobalSection(ExtensibilityGlobals) = postSolution
		SolutionGuid = {A964BE9F-3E36-41BC-91BC-092F6FFA0AC9}
	EndGlobalSection
EndGlobal
